
Microsoft Visual Studio Solution File, Format Version 12.00
# Visual Studio Version 16
VisualStudioVersion = 16.0.31624.102
MinimumVisualStudioVersion = 10.0.40219.1
Project("{FAE04EC0-301F-11D3-BF4B-00C04F79EFBC}") = "WpfApp4", "WpfApp4\WpfApp4.csproj", "{61E941C2-1734-4CF8-9235-B34937C6DBF2}"
EndProject
Project("{FAE04EC0-301F-11D3-BF4B-00C04F79EFBC}") = "ClassLibrary1", "ClassLibrary1\ClassLibrary1.csproj", "{142B27AD-FED0-4FB4-891E-7F1381E26D16}"
EndProject
Global
	GlobalSection(SolutionConfigurationPlatforms) = preSolution
		Debug|Any CPU = Debug|Any CPU
		Release|Any CPU = Release|Any CPU
	EndGlobalSection
	GlobalSection(ProjectConfigurationPlatforms) = postSolution
		{61E941C2-1734-4CF8-9235-B34937C6DBF2}.Debug|Any CPU.ActiveCfg = Debug|Any CPU
		{61E941C2-1734-4CF8-9235-B34937C6DBF2}.Debug|Any CPU.Build.0 = Debug|Any CPU
		{61E941C2-1734-4CF8-9235-B34937C6DBF2}.Release|Any CPU.ActiveCfg = Release|Any CPU
		{61E941C2-1734-4CF8-9235-B34937C6DBF2}.Release|Any CPU.Build.0 = Release|Any CPU
		{142B27AD-FED0-4FB4-891E-7F1381E26D16}.Debug|Any CPU.ActiveCfg = Debug|Any CPU
		{142B27AD-FED0-4FB4-891E-7F1381E26D16}.Debug|Any CPU.Build.0 = Debug|Any CPU
		{142B27AD-FED0-4FB4-891E-7F1381E26D16}.Release|Any CPU.ActiveCfg = Release|Any CPU
		{142B27AD-FED0-4FB4-891E-7F1381E26D16}.Release|Any CPU.Build.0 = Release|Any CPU
	EndGlobalSection
	GlobalSection(SolutionProperties) = preSolution
		HideSolutionNode = FALSE
	EndGlobalSection
	GlobalSection(ExtensibilityGlobals) = postSolution
		SolutionGuid = {7D3A8350-EB02-4A94-AF18-CD51162D2EED}
	EndGlobalSection
EndGlobal
